
Microsoft Visual Studio Solution File, Format Version 12.00
# Visual Studio 14
VisualStudioVersion = 14.0.23107.0
MinimumVisualStudioVersion = 10.0.40219.1
Project("{D954291E-2A0B-460D-934E-DC6B0785DB48}") = "PunchingBand.Shared", "PunchingBand.Shared\PunchingBand.Shared.shproj", "{CDBED812-5C14-4072-952D-3EBE906D66D1}"
EndProject
Project("{2150E333-8FDC-42A3-9474-1A3956D46DE8}") = "punchdata", "punchdata", "{2BF9AD06-EEA1-437F-B53A-D8BCFB6BE286}"
	ProjectSection(SolutionItems) = preProject
		punchdata\PunchVectorsLeft.csv = punchdata\PunchVectorsLeft.csv
		punchdata\PunchVectorsRight.csv = punchdata\PunchVectorsRight.csv
	EndProjectSection
EndProject
Project("{FAE04EC0-301F-11D3-BF4B-00C04F79EFBC}") = "PunchingBand.Droid", "PunchingBand.Droid\PunchingBand.Droid.csproj", "{E55EEDA6-5DD0-46CE-8AFE-0DA00698B1F6}"
EndProject
Project("{FAE04EC0-301F-11D3-BF4B-00C04F79EFBC}") = "PunchingBand.iOS", "PunchingBand.iOS\PunchingBand.iOS.csproj", "{48584A9F-C8B4-4D2E-99A8-3EC83F945FBE}"
EndProject
Project("{FAE04EC0-301F-11D3-BF4B-00C04F79EFBC}") = "PunchingBand.Windows81", "PunchingBand.Windows81\PunchingBand.Windows81.csproj", "{C8E7C3FE-3071-42FE-8AFA-2BD93FD6A5D3}"
EndProject
Project("{FAE04EC0-301F-11D3-BF4B-00C04F79EFBC}") = "PunchingBand.WindowsPhone81", "PunchingBand.WindowsPhone81\PunchingBand.WindowsPhone81.csproj", "{885121F5-37B3-40A4-AF90-E9ACC1C988F3}"
EndProject
Project("{FAE04EC0-301F-11D3-BF4B-00C04F79EFBC}") = "PunchingBand.Windows", "PunchingBand.Windows\PunchingBand.Windows.csproj", "{3033C2F6-D1A5-4479-9DF6-91FAB47AEBA7}"
EndProject
Project("{FAE04EC0-301F-11D3-BF4B-00C04F79EFBC}") = "PunchingBand.Console", "PunchingBand.Console\PunchingBand.Console.csproj", "{E3448DFA-3F66-409B-B5EE-16C33266C16E}"
EndProject
Project("{FAE04EC0-301F-11D3-BF4B-00C04F79EFBC}") = "PunchingBand", "PunchingBand\PunchingBand.csproj", "{2BE76624-D6A0-458F-9784-BC731728163C}"
EndProject
Global
	GlobalSection(SharedMSBuildProjectFiles) = preSolution
		PunchingBand.Shared\PunchingBand.Shared.projitems*{cdbed812-5c14-4072-952d-3ebe906d66d1}*SharedItemsImports = 13
		PunchingBand.Shared\PunchingBand.Shared.projitems*{c8e7c3fe-3071-42fe-8afa-2bd93fd6a5d3}*SharedItemsImports = 4
		PunchingBand.Shared\PunchingBand.Shared.projitems*{885121f5-37b3-40a4-af90-e9acc1c988f3}*SharedItemsImports = 4
	EndGlobalSection
	GlobalSection(SolutionConfigurationPlatforms) = preSolution
		Ad-Hoc|Any CPU = Ad-Hoc|Any CPU
		Ad-Hoc|ARM = Ad-Hoc|ARM
		Ad-Hoc|iPhone = Ad-Hoc|iPhone
		Ad-Hoc|iPhoneSimulator = Ad-Hoc|iPhoneSimulator
		Ad-Hoc|x64 = Ad-Hoc|x64
		Ad-Hoc|x86 = Ad-Hoc|x86
		AppStore|Any CPU = AppStore|Any CPU
		AppStore|ARM = AppStore|ARM
		AppStore|iPhone = AppStore|iPhone
		AppStore|iPhoneSimulator = AppStore|iPhoneSimulator
		AppStore|x64 = AppStore|x64
		AppStore|x86 = AppStore|x86
		Debug (Mock Band)|Any CPU = Debug (Mock Band)|Any CPU
		Debug (Mock Band)|ARM = Debug (Mock Band)|ARM
		Debug (Mock Band)|iPhone = Debug (Mock Band)|iPhone
		Debug (Mock Band)|iPhoneSimulator = Debug (Mock Band)|iPhoneSimulator
		Debug (Mock Band)|x64 = Debug (Mock Band)|x64
		Debug (Mock Band)|x86 = Debug (Mock Band)|x86
		Debug|Any CPU = Debug|Any CPU
		Debug|ARM = Debug|ARM
		Debug|iPhone = Debug|iPhone
		Debug|iPhoneSimulator = Debug|iPhoneSimulator
		Debug|x64 = Debug|x64
		Debug|x86 = Debug|x86
		Release|Any CPU = Release|Any CPU
		Release|ARM = Release|ARM
		Release|iPhone = Release|iPhone
		Release|iPhoneSimulator = Release|iPhoneSimulator
		Release|x64 = Release|x64
		Release|x86 = Release|x86
	EndGlobalSection
	GlobalSection(ProjectConfigurationPlatforms) = postSolution
		{E55EEDA6-5DD0-46CE-8AFE-0DA00698B1F6}.Ad-Hoc|Any CPU.ActiveCfg = Release|Any CPU
		{E55EEDA6-5DD0-46CE-8AFE-0DA00698B1F6}.Ad-Hoc|Any CPU.Build.0 = Release|Any CPU
		{E55EEDA6-5DD0-46CE-8AFE-0DA00698B1F6}.Ad-Hoc|Any CPU.Deploy.0 = Release|Any CPU
		{E55EEDA6-5DD0-46CE-8AFE-0DA00698B1F6}.Ad-Hoc|ARM.ActiveCfg = Release|Any CPU
		{E55EEDA6-5DD0-46CE-8AFE-0DA00698B1F6}.Ad-Hoc|ARM.Build.0 = Release|Any CPU
		{E55EEDA6-5DD0-46CE-8AFE-0DA00698B1F6}.Ad-Hoc|ARM.Deploy.0 = Release|Any CPU
		{E55EEDA6-5DD0-46CE-8AFE-0DA00698B1F6}.Ad-Hoc|iPhone.ActiveCfg = Release|Any CPU
		{E55EEDA6-5DD0-46CE-8AFE-0DA00698B1F6}.Ad-Hoc|iPhone.Build.0 = Release|Any CPU
		{E55EEDA6-5DD0-46CE-8AFE-0DA00698B1F6}.Ad-Hoc|iPhone.Deploy.0 = Release|Any CPU
		{E55EEDA6-5DD0-46CE-8AFE-0DA00698B1F6}.Ad-Hoc|iPhoneSimulator.ActiveCfg = Release|Any CPU
		{E55EEDA6-5DD0-46CE-8AFE-0DA00698B1F6}.Ad-Hoc|iPhoneSimulator.Build.0 = Release|Any CPU
		{E55EEDA6-5DD0-46CE-8AFE-0DA00698B1F6}.Ad-Hoc|iPhoneSimulator.Deploy.0 = Release|Any CPU
		{E55EEDA6-5DD0-46CE-8AFE-0DA00698B1F6}.Ad-Hoc|x64.ActiveCfg = Release|Any CPU
		{E55EEDA6-5DD0-46CE-8AFE-0DA00698B1F6}.Ad-Hoc|x64.Build.0 = Release|Any CPU
		{E55EEDA6-5DD0-46CE-8AFE-0DA00698B1F6}.Ad-Hoc|x64.Deploy.0 = Release|Any CPU
		{E55EEDA6-5DD0-46CE-8AFE-0DA00698B1F6}.Ad-Hoc|x86.ActiveCfg = Release|Any CPU
		{E55EEDA6-5DD0-46CE-8AFE-0DA00698B1F6}.Ad-Hoc|x86.Build.0 = Release|Any CPU
		{E55EEDA6-5DD0-46CE-8AFE-0DA00698B1F6}.Ad-Hoc|x86.Deploy.0 = Release|Any CPU
		{E55EEDA6-5DD0-46CE-8AFE-0DA00698B1F6}.AppStore|Any CPU.ActiveCfg = Release|Any CPU
		{E55EEDA6-5DD0-46CE-8AFE-0DA00698B1F6}.AppStore|Any CPU.Build.0 = Release|Any CPU
		{E55EEDA6-5DD0-46CE-8AFE-0DA00698B1F6}.AppStore|Any CPU.Deploy.0 = Release|Any CPU
		{E55EEDA6-5DD0-46CE-8AFE-0DA00698B1F6}.AppStore|ARM.ActiveCfg = Release|Any CPU
		{E55EEDA6-5DD0-46CE-8AFE-0DA00698B1F6}.AppStore|ARM.Build.0 = Release|Any CPU
		{E55EEDA6-5DD0-46CE-8AFE-0DA00698B1F6}.AppStore|ARM.Deploy.0 = Release|Any CPU
		{E55EEDA6-5DD0-46CE-8AFE-0DA00698B1F6}.AppStore|iPhone.ActiveCfg = Release|Any CPU
		{E55EEDA6-5DD0-46CE-8AFE-0DA00698B1F6}.AppStore|iPhone.Build.0 = Release|Any CPU
		{E55EEDA6-5DD0-46CE-8AFE-0DA00698B1F6}.AppStore|iPhone.Deploy.0 = Release|Any CPU
		{E55EEDA6-5DD0-46CE-8AFE-0DA00698B1F6}.AppStore|iPhoneSimulator.ActiveCfg = Release|Any CPU
		{E55EEDA6-5DD0-46CE-8AFE-0DA00698B1F6}.AppStore|iPhoneSimulator.Build.0 = Release|Any CPU
		{E55EEDA6-5DD0-46CE-8AFE-0DA00698B1F6}.AppStore|iPhoneSimulator.Deploy.0 = Release|Any CPU
		{E55EEDA6-5DD0-46CE-8AFE-0DA00698B1F6}.AppStore|x64.ActiveCfg = Release|Any CPU
		{E55EEDA6-5DD0-46CE-8AFE-0DA00698B1F6}.AppStore|x64.Build.0 = Release|Any CPU
		{E55EEDA6-5DD0-46CE-8AFE-0DA00698B1F6}.AppStore|x64.Deploy.0 = Release|Any CPU
		{E55EEDA6-5DD0-46CE-8AFE-0DA00698B1F6}.AppStore|x86.ActiveCfg = Release|Any CPU
		{E55EEDA6-5DD0-46CE-8AFE-0DA00698B1F6}.AppStore|x86.Build.0 = Release|Any CPU
		{E55EEDA6-5DD0-46CE-8AFE-0DA00698B1F6}.AppStore|x86.Deploy.0 = Release|Any CPU
		{E55EEDA6-5DD0-46CE-8AFE-0DA00698B1F6}.Debug (Mock Band)|Any CPU.ActiveCfg = Debug|Any CPU
		{E55EEDA6-5DD0-46CE-8AFE-0DA00698B1F6}.Debug (Mock Band)|Any CPU.Build.0 = Debug|Any CPU
		{E55EEDA6-5DD0-46CE-8AFE-0DA00698B1F6}.Debug (Mock Band)|Any CPU.Deploy.0 = Debug|Any CPU
		{E55EEDA6-5DD0-46CE-8AFE-0DA00698B1F6}.Debug (Mock Band)|ARM.ActiveCfg = Debug|Any CPU
		{E55EEDA6-5DD0-46CE-8AFE-0DA00698B1F6}.Debug (Mock Band)|ARM.Build.0 = Debug|Any CPU
		{E55EEDA6-5DD0-46CE-8AFE-0DA00698B1F6}.Debug (Mock Band)|ARM.Deploy.0 = Debug|Any CPU
		{E55EEDA6-5DD0-46CE-8AFE-0DA00698B1F6}.Debug (Mock Band)|iPhone.ActiveCfg = Debug|Any CPU
		{E55EEDA6-5DD0-46CE-8AFE-0DA00698B1F6}.Debug (Mock Band)|iPhone.Build.0 = Debug|Any CPU
		{E55EEDA6-5DD0-46CE-8AFE-0DA00698B1F6}.Debug (Mock Band)|iPhone.Deploy.0 = Debug|Any CPU
		{E55EEDA6-5DD0-46CE-8AFE-0DA00698B1F6}.Debug (Mock Band)|iPhoneSimulator.ActiveCfg = Debug|Any CPU
		{E55EEDA6-5DD0-46CE-8AFE-0DA00698B1F6}.Debug (Mock Band)|iPhoneSimulator.Build.0 = Debug|Any CPU
		{E55EEDA6-5DD0-46CE-8AFE-0DA00698B1F6}.Debug (Mock Band)|iPhoneSimulator.Deploy.0 = Debug|Any CPU
		{E55EEDA6-5DD0-46CE-8AFE-0DA00698B1F6}.Debug (Mock Band)|x64.ActiveCfg = Debug|Any CPU
		{E55EEDA6-5DD0-46CE-8AFE-0DA00698B1F6}.Debug (Mock Band)|x64.Build.0 = Debug|Any CPU
		{E55EEDA6-5DD0-46CE-8AFE-0DA00698B1F6}.Debug (Mock Band)|x64.Deploy.0 = Debug|Any CPU
		{E55EEDA6-5DD0-46CE-8AFE-0DA00698B1F6}.Debug (Mock Band)|x86.ActiveCfg = Debug|Any CPU
		{E55EEDA6-5DD0-46CE-8AFE-0DA00698B1F6}.Debug (Mock Band)|x86.Build.0 = Debug|Any CPU
		{E55EEDA6-5DD0-46CE-8AFE-0DA00698B1F6}.Debug (Mock Band)|x86.Deploy.0 = Debug|Any CPU
		{E55EEDA6-5DD0-46CE-8AFE-0DA00698B1F6}.Debug|Any CPU.ActiveCfg = Debug|Any CPU
		{E55EEDA6-5DD0-46CE-8AFE-0DA00698B1F6}.Debug|Any CPU.Build.0 = Debug|Any CPU
		{E55EEDA6-5DD0-46CE-8AFE-0DA00698B1F6}.Debug|Any CPU.Deploy.0 = Debug|Any CPU
		{E55EEDA6-5DD0-46CE-8AFE-0DA00698B1F6}.Debug|ARM.ActiveCfg = Debug|Any CPU
		{E55EEDA6-5DD0-46CE-8AFE-0DA00698B1F6}.Debug|ARM.Build.0 = Debug|Any CPU
		{E55EEDA6-5DD0-46CE-8AFE-0DA00698B1F6}.Debug|ARM.Deploy.0 = Debug|Any CPU
		{E55EEDA6-5DD0-46CE-8AFE-0DA00698B1F6}.Debug|iPhone.ActiveCfg = Debug|Any CPU
		{E55EEDA6-5DD0-46CE-8AFE-0DA00698B1F6}.Debug|iPhone.Build.0 = Debug|Any CPU
		{E55EEDA6-5DD0-46CE-8AFE-0DA00698B1F6}.Debug|iPhone.Deploy.0 = Debug|Any CPU
		{E55EEDA6-5DD0-46CE-8AFE-0DA00698B1F6}.Debug|iPhoneSimulator.ActiveCfg = Debug|Any CPU
		{E55EEDA6-5DD0-46CE-8AFE-0DA00698B1F6}.Debug|iPhoneSimulator.Build.0 = Debug|Any CPU
		{E55EEDA6-5DD0-46CE-8AFE-0DA00698B1F6}.Debug|iPhoneSimulator.Deploy.0 = Debug|Any CPU
		{E55EEDA6-5DD0-46CE-8AFE-0DA00698B1F6}.Debug|x64.ActiveCfg = Debug|Any CPU
		{E55EEDA6-5DD0-46CE-8AFE-0DA00698B1F6}.Debug|x64.Build.0 = Debug|Any CPU
		{E55EEDA6-5DD0-46CE-8AFE-0DA00698B1F6}.Debug|x64.Deploy.0 = Debug|Any CPU
		{E55EEDA6-5DD0-46CE-8AFE-0DA00698B1F6}.Debug|x86.ActiveCfg = Debug|Any CPU
		{E55EEDA6-5DD0-46CE-8AFE-0DA00698B1F6}.Debug|x86.Build.0 = Debug|Any CPU
		{E55EEDA6-5DD0-46CE-8AFE-0DA00698B1F6}.Debug|x86.Deploy.0 = Debug|Any CPU
		{E55EEDA6-5DD0-46CE-8AFE-0DA00698B1F6}.Release|Any CPU.ActiveCfg = Release|Any CPU
		{E55EEDA6-5DD0-46CE-8AFE-0DA00698B1F6}.Release|Any CPU.Build.0 = Release|Any CPU
		{E55EEDA6-5DD0-46CE-8AFE-0DA00698B1F6}.Release|Any CPU.Deploy.0 = Release|Any CPU
		{E55EEDA6-5DD0-46CE-8AFE-0DA00698B1F6}.Release|ARM.ActiveCfg = Release|Any CPU
		{E55EEDA6-5DD0-46CE-8AFE-0DA00698B1F6}.Release|ARM.Build.0 = Release|Any CPU
		{E55EEDA6-5DD0-46CE-8AFE-0DA00698B1F6}.Release|ARM.Deploy.0 = Release|Any CPU
		{E55EEDA6-5DD0-46CE-8AFE-0DA00698B1F6}.Release|iPhone.ActiveCfg = Release|Any CPU
		{E55EEDA6-5DD0-46CE-8AFE-0DA00698B1F6}.Release|iPhone.Build.0 = Release|Any CPU
		{E55EEDA6-5DD0-46CE-8AFE-0DA00698B1F6}.Release|iPhone.Deploy.0 = Release|Any CPU
		{E55EEDA6-5DD0-46CE-8AFE-0DA00698B1F6}.Release|iPhoneSimulator.ActiveCfg = Release|Any CPU
		{E55EEDA6-5DD0-46CE-8AFE-0DA00698B1F6}.Release|iPhoneSimulator.Build.0 = Release|Any CPU
		{E55EEDA6-5DD0-46CE-8AFE-0DA00698B1F6}.Release|iPhoneSimulator.Deploy.0 = Release|Any CPU
		{E55EEDA6-5DD0-46CE-8AFE-0DA00698B1F6}.Release|x64.ActiveCfg = Release|Any CPU
		{E55EEDA6-5DD0-46CE-8AFE-0DA00698B1F6}.Release|x64.Build.0 = Release|Any CPU
		{E55EEDA6-5DD0-46CE-8AFE-0DA00698B1F6}.Release|x64.Deploy.0 = Release|Any CPU
		{E55EEDA6-5DD0-46CE-8AFE-0DA00698B1F6}.Release|x86.ActiveCfg = Release|Any CPU
		{E55EEDA6-5DD0-46CE-8AFE-0DA00698B1F6}.Release|x86.Build.0 = Release|Any CPU
		{E55EEDA6-5DD0-46CE-8AFE-0DA00698B1F6}.Release|x86.Deploy.0 = Release|Any CPU
		{48584A9F-C8B4-4D2E-99A8-3EC83F945FBE}.Ad-Hoc|Any CPU.ActiveCfg = Ad-Hoc|iPhone
		{48584A9F-C8B4-4D2E-99A8-3EC83F945FBE}.Ad-Hoc|ARM.ActiveCfg = Ad-Hoc|iPhone
		{48584A9F-C8B4-4D2E-99A8-3EC83F945FBE}.Ad-Hoc|iPhone.ActiveCfg = Ad-Hoc|iPhone
		{48584A9F-C8B4-4D2E-99A8-3EC83F945FBE}.Ad-Hoc|iPhone.Build.0 = Ad-Hoc|iPhone
		{48584A9F-C8B4-4D2E-99A8-3EC83F945FBE}.Ad-Hoc|iPhoneSimulator.ActiveCfg = Ad-Hoc|iPhoneSimulator
		{48584A9F-C8B4-4D2E-99A8-3EC83F945FBE}.Ad-Hoc|iPhoneSimulator.Build.0 = Ad-Hoc|iPhoneSimulator
		{48584A9F-C8B4-4D2E-99A8-3EC83F945FBE}.Ad-Hoc|x64.ActiveCfg = Ad-Hoc|iPhone
		{48584A9F-C8B4-4D2E-99A8-3EC83F945FBE}.Ad-Hoc|x86.ActiveCfg = Ad-Hoc|iPhone
		{48584A9F-C8B4-4D2E-99A8-3EC83F945FBE}.AppStore|Any CPU.ActiveCfg = AppStore|iPhone
		{48584A9F-C8B4-4D2E-99A8-3EC83F945FBE}.AppStore|ARM.ActiveCfg = AppStore|iPhone
		{48584A9F-C8B4-4D2E-99A8-3EC83F945FBE}.AppStore|iPhone.ActiveCfg = AppStore|iPhone
		{48584A9F-C8B4-4D2E-99A8-3EC83F945FBE}.AppStore|iPhone.Build.0 = AppStore|iPhone
		{48584A9F-C8B4-4D2E-99A8-3EC83F945FBE}.AppStore|iPhoneSimulator.ActiveCfg = AppStore|iPhoneSimulator
		{48584A9F-C8B4-4D2E-99A8-3EC83F945FBE}.AppStore|iPhoneSimulator.Build.0 = AppStore|iPhoneSimulator
		{48584A9F-C8B4-4D2E-99A8-3EC83F945FBE}.AppStore|x64.ActiveCfg = AppStore|iPhone
		{48584A9F-C8B4-4D2E-99A8-3EC83F945FBE}.AppStore|x86.ActiveCfg = AppStore|iPhone
		{48584A9F-C8B4-4D2E-99A8-3EC83F945FBE}.Debug (Mock Band)|Any CPU.ActiveCfg = AppStore|iPhone
		{48584A9F-C8B4-4D2E-99A8-3EC83F945FBE}.Debug (Mock Band)|Any CPU.Build.0 = AppStore|iPhone
		{48584A9F-C8B4-4D2E-99A8-3EC83F945FBE}.Debug (Mock Band)|ARM.ActiveCfg = AppStore|iPhone
		{48584A9F-C8B4-4D2E-99A8-3EC83F945FBE}.Debug (Mock Band)|ARM.Build.0 = AppStore|iPhone
		{48584A9F-C8B4-4D2E-99A8-3EC83F945FBE}.Debug (Mock Band)|iPhone.ActiveCfg = Debug|iPhone
		{48584A9F-C8B4-4D2E-99A8-3EC83F945FBE}.Debug (Mock Band)|iPhone.Build.0 = Debug|iPhone
		{48584A9F-C8B4-4D2E-99A8-3EC83F945FBE}.Debug (Mock Band)|iPhoneSimulator.ActiveCfg = Debug|iPhoneSimulator
		{48584A9F-C8B4-4D2E-99A8-3EC83F945FBE}.Debug (Mock Band)|iPhoneSimulator.Build.0 = Debug|iPhoneSimulator
		{48584A9F-C8B4-4D2E-99A8-3EC83F945FBE}.Debug (Mock Band)|x64.ActiveCfg = AppStore|iPhone
		{48584A9F-C8B4-4D2E-99A8-3EC83F945FBE}.Debug (Mock Band)|x64.Build.0 = AppStore|iPhone
		{48584A9F-C8B4-4D2E-99A8-3EC83F945FBE}.Debug (Mock Band)|x86.ActiveCfg = AppStore|iPhone
		{48584A9F-C8B4-4D2E-99A8-3EC83F945FBE}.Debug (Mock Band)|x86.Build.0 = AppStore|iPhone
		{48584A9F-C8B4-4D2E-99A8-3EC83F945FBE}.Debug|Any CPU.ActiveCfg = Debug|iPhone
		{48584A9F-C8B4-4D2E-99A8-3EC83F945FBE}.Debug|ARM.ActiveCfg = Debug|iPhone
		{48584A9F-C8B4-4D2E-99A8-3EC83F945FBE}.Debug|iPhone.ActiveCfg = Debug|iPhone
		{48584A9F-C8B4-4D2E-99A8-3EC83F945FBE}.Debug|iPhone.Build.0 = Debug|iPhone
		{48584A9F-C8B4-4D2E-99A8-3EC83F945FBE}.Debug|iPhoneSimulator.ActiveCfg = Debug|iPhoneSimulator
		{48584A9F-C8B4-4D2E-99A8-3EC83F945FBE}.Debug|iPhoneSimulator.Build.0 = Debug|iPhoneSimulator
		{48584A9F-C8B4-4D2E-99A8-3EC83F945FBE}.Debug|x64.ActiveCfg = Debug|iPhone
		{48584A9F-C8B4-4D2E-99A8-3EC83F945FBE}.Debug|x86.ActiveCfg = Debug|iPhone
		{48584A9F-C8B4-4D2E-99A8-3EC83F945FBE}.Release|Any CPU.ActiveCfg = Release|iPhone
		{48584A9F-C8B4-4D2E-99A8-3EC83F945FBE}.Release|ARM.ActiveCfg = Release|iPhone
		{48584A9F-C8B4-4D2E-99A8-3EC83F945FBE}.Release|iPhone.ActiveCfg = Release|iPhone
		{48584A9F-C8B4-4D2E-99A8-3EC83F945FBE}.Release|iPhone.Build.0 = Release|iPhone
		{48584A9F-C8B4-4D2E-99A8-3EC83F945FBE}.Release|iPhoneSimulator.ActiveCfg = Release|iPhoneSimulator
		{48584A9F-C8B4-4D2E-99A8-3EC83F945FBE}.Release|iPhoneSimulator.Build.0 = Release|iPhoneSimulator
		{48584A9F-C8B4-4D2E-99A8-3EC83F945FBE}.Release|x64.ActiveCfg = Release|iPhone
		{48584A9F-C8B4-4D2E-99A8-3EC83F945FBE}.Release|x86.ActiveCfg = Release|iPhone
		{C8E7C3FE-3071-42FE-8AFA-2BD93FD6A5D3}.Ad-Hoc|Any CPU.ActiveCfg = Debug (Mock Band)|Any CPU
		{C8E7C3FE-3071-42FE-8AFA-2BD93FD6A5D3}.Ad-Hoc|Any CPU.Build.0 = Debug (Mock Band)|Any CPU
		{C8E7C3FE-3071-42FE-8AFA-2BD93FD6A5D3}.Ad-Hoc|Any CPU.Deploy.0 = Debug (Mock Band)|Any CPU
		{C8E7C3FE-3071-42FE-8AFA-2BD93FD6A5D3}.Ad-Hoc|ARM.ActiveCfg = Debug (Mock Band)|ARM
		{C8E7C3FE-3071-42FE-8AFA-2BD93FD6A5D3}.Ad-Hoc|ARM.Build.0 = Debug (Mock Band)|ARM
		{C8E7C3FE-3071-42FE-8AFA-2BD93FD6A5D3}.Ad-Hoc|ARM.Deploy.0 = Debug (Mock Band)|ARM
		{C8E7C3FE-3071-42FE-8AFA-2BD93FD6A5D3}.Ad-Hoc|iPhone.ActiveCfg = Debug (Mock Band)|Any CPU
		{C8E7C3FE-3071-42FE-8AFA-2BD93FD6A5D3}.Ad-Hoc|iPhone.Build.0 = Debug (Mock Band)|Any CPU
		{C8E7C3FE-3071-42FE-8AFA-2BD93FD6A5D3}.Ad-Hoc|iPhone.Deploy.0 = Debug (Mock Band)|Any CPU
		{C8E7C3FE-3071-42FE-8AFA-2BD93FD6A5D3}.Ad-Hoc|iPhoneSimulator.ActiveCfg = Debug (Mock Band)|Any CPU
		{C8E7C3FE-3071-42FE-8AFA-2BD93FD6A5D3}.Ad-Hoc|iPhoneSimulator.Build.0 = Debug (Mock Band)|Any CPU
		{C8E7C3FE-3071-42FE-8AFA-2BD93FD6A5D3}.Ad-Hoc|iPhoneSimulator.Deploy.0 = Debug (Mock Band)|Any CPU
		{C8E7C3FE-3071-42FE-8AFA-2BD93FD6A5D3}.Ad-Hoc|x64.ActiveCfg = Debug (Mock Band)|x64
		{C8E7C3FE-3071-42FE-8AFA-2BD93FD6A5D3}.Ad-Hoc|x64.Build.0 = Debug (Mock Band)|x64
		{C8E7C3FE-3071-42FE-8AFA-2BD93FD6A5D3}.Ad-Hoc|x64.Deploy.0 = Debug (Mock Band)|x64
		{C8E7C3FE-3071-42FE-8AFA-2BD93FD6A5D3}.Ad-Hoc|x86.ActiveCfg = Debug (Mock Band)|x86
		{C8E7C3FE-3071-42FE-8AFA-2BD93FD6A5D3}.Ad-Hoc|x86.Build.0 = Debug (Mock Band)|x86
		{C8E7C3FE-3071-42FE-8AFA-2BD93FD6A5D3}.Ad-Hoc|x86.Deploy.0 = Debug (Mock Band)|x86
		{C8E7C3FE-3071-42FE-8AFA-2BD93FD6A5D3}.AppStore|Any CPU.ActiveCfg = Debug (Mock Band)|Any CPU
		{C8E7C3FE-3071-42FE-8AFA-2BD93FD6A5D3}.AppStore|Any CPU.Build.0 = Debug (Mock Band)|Any CPU
		{C8E7C3FE-3071-42FE-8AFA-2BD93FD6A5D3}.AppStore|Any CPU.Deploy.0 = Debug (Mock Band)|Any CPU
		{C8E7C3FE-3071-42FE-8AFA-2BD93FD6A5D3}.AppStore|ARM.ActiveCfg = Debug (Mock Band)|ARM
		{C8E7C3FE-3071-42FE-8AFA-2BD93FD6A5D3}.AppStore|ARM.Build.0 = Debug (Mock Band)|ARM
		{C8E7C3FE-3071-42FE-8AFA-2BD93FD6A5D3}.AppStore|ARM.Deploy.0 = Debug (Mock Band)|ARM
		{C8E7C3FE-3071-42FE-8AFA-2BD93FD6A5D3}.AppStore|iPhone.ActiveCfg = Debug (Mock Band)|Any CPU
		{C8E7C3FE-3071-42FE-8AFA-2BD93FD6A5D3}.AppStore|iPhone.Build.0 = Debug (Mock Band)|Any CPU
		{C8E7C3FE-3071-42FE-8AFA-2BD93FD6A5D3}.AppStore|iPhone.Deploy.0 = Debug (Mock Band)|Any CPU
		{C8E7C3FE-3071-42FE-8AFA-2BD93FD6A5D3}.AppStore|iPhoneSimulator.ActiveCfg = Debug (Mock Band)|Any CPU
		{C8E7C3FE-3071-42FE-8AFA-2BD93FD6A5D3}.AppStore|iPhoneSimulator.Build.0 = Debug (Mock Band)|Any CPU
		{C8E7C3FE-3071-42FE-8AFA-2BD93FD6A5D3}.AppStore|iPhoneSimulator.Deploy.0 = Debug (Mock Band)|Any CPU
		{C8E7C3FE-3071-42FE-8AFA-2BD93FD6A5D3}.AppStore|x64.ActiveCfg = Debug (Mock Band)|x64
		{C8E7C3FE-3071-42FE-8AFA-2BD93FD6A5D3}.AppStore|x64.Build.0 = Debug (Mock Band)|x64
		{C8E7C3FE-3071-42FE-8AFA-2BD93FD6A5D3}.AppStore|x64.Deploy.0 = Debug (Mock Band)|x64
		{C8E7C3FE-3071-42FE-8AFA-2BD93FD6A5D3}.AppStore|x86.ActiveCfg = Debug (Mock Band)|x86
		{C8E7C3FE-3071-42FE-8AFA-2BD93FD6A5D3}.AppStore|x86.Build.0 = Debug (Mock Band)|x86
		{C8E7C3FE-3071-42FE-8AFA-2BD93FD6A5D3}.AppStore|x86.Deploy.0 = Debug (Mock Band)|x86
		{C8E7C3FE-3071-42FE-8AFA-2BD93FD6A5D3}.Debug (Mock Band)|Any CPU.ActiveCfg = Debug (Mock Band)|Any CPU
		{C8E7C3FE-3071-42FE-8AFA-2BD93FD6A5D3}.Debug (Mock Band)|Any CPU.Build.0 = Debug (Mock Band)|Any CPU
		{C8E7C3FE-3071-42FE-8AFA-2BD93FD6A5D3}.Debug (Mock Band)|Any CPU.Deploy.0 = Debug (Mock Band)|Any CPU
		{C8E7C3FE-3071-42FE-8AFA-2BD93FD6A5D3}.Debug (Mock Band)|ARM.ActiveCfg = Debug (Mock Band)|ARM
		{C8E7C3FE-3071-42FE-8AFA-2BD93FD6A5D3}.Debug (Mock Band)|ARM.Build.0 = Debug (Mock Band)|ARM
		{C8E7C3FE-3071-42FE-8AFA-2BD93FD6A5D3}.Debug (Mock Band)|ARM.Deploy.0 = Debug (Mock Band)|ARM
		{C8E7C3FE-3071-42FE-8AFA-2BD93FD6A5D3}.Debug (Mock Band)|iPhone.ActiveCfg = Debug (Mock Band)|Any CPU
		{C8E7C3FE-3071-42FE-8AFA-2BD93FD6A5D3}.Debug (Mock Band)|iPhone.Build.0 = Debug (Mock Band)|Any CPU
		{C8E7C3FE-3071-42FE-8AFA-2BD93FD6A5D3}.Debug (Mock Band)|iPhone.Deploy.0 = Debug (Mock Band)|Any CPU
		{C8E7C3FE-3071-42FE-8AFA-2BD93FD6A5D3}.Debug (Mock Band)|iPhoneSimulator.ActiveCfg = Debug (Mock Band)|Any CPU
		{C8E7C3FE-3071-42FE-8AFA-2BD93FD6A5D3}.Debug (Mock Band)|iPhoneSimulator.Build.0 = Debug (Mock Band)|Any CPU
		{C8E7C3FE-3071-42FE-8AFA-2BD93FD6A5D3}.Debug (Mock Band)|iPhoneSimulator.Deploy.0 = Debug (Mock Band)|Any CPU
		{C8E7C3FE-3071-42FE-8AFA-2BD93FD6A5D3}.Debug (Mock Band)|x64.ActiveCfg = Debug (Mock Band)|x64
		{C8E7C3FE-3071-42FE-8AFA-2BD93FD6A5D3}.Debug (Mock Band)|x64.Build.0 = Debug (Mock Band)|x64
		{C8E7C3FE-3071-42FE-8AFA-2BD93FD6A5D3}.Debug (Mock Band)|x64.Deploy.0 = Debug (Mock Band)|x64
		{C8E7C3FE-3071-42FE-8AFA-2BD93FD6A5D3}.Debug (Mock Band)|x86.ActiveCfg = Debug (Mock Band)|x86
		{C8E7C3FE-3071-42FE-8AFA-2BD93FD6A5D3}.Debug (Mock Band)|x86.Build.0 = Debug (Mock Band)|x86
		{C8E7C3FE-3071-42FE-8AFA-2BD93FD6A5D3}.Debug (Mock Band)|x86.Deploy.0 = Debug (Mock Band)|x86
		{C8E7C3FE-3071-42FE-8AFA-2BD93FD6A5D3}.Debug|Any CPU.ActiveCfg = Debug|Any CPU
		{C8E7C3FE-3071-42FE-8AFA-2BD93FD6A5D3}.Debug|Any CPU.Build.0 = Debug|Any CPU
		{C8E7C3FE-3071-42FE-8AFA-2BD93FD6A5D3}.Debug|Any CPU.Deploy.0 = Debug|Any CPU
		{C8E7C3FE-3071-42FE-8AFA-2BD93FD6A5D3}.Debug|ARM.ActiveCfg = Debug|ARM
		{C8E7C3FE-3071-42FE-8AFA-2BD93FD6A5D3}.Debug|ARM.Build.0 = Debug|ARM
		{C8E7C3FE-3071-42FE-8AFA-2BD93FD6A5D3}.Debug|ARM.Deploy.0 = Debug|ARM
		{C8E7C3FE-3071-42FE-8AFA-2BD93FD6A5D3}.Debug|iPhone.ActiveCfg = Debug|Any CPU
		{C8E7C3FE-3071-42FE-8AFA-2BD93FD6A5D3}.Debug|iPhone.Build.0 = Debug|Any CPU
		{C8E7C3FE-3071-42FE-8AFA-2BD93FD6A5D3}.Debug|iPhone.Deploy.0 = Debug|Any CPU
		{C8E7C3FE-3071-42FE-8AFA-2BD93FD6A5D3}.Debug|iPhoneSimulator.ActiveCfg = Debug|Any CPU
		{C8E7C3FE-3071-42FE-8AFA-2BD93FD6A5D3}.Debug|iPhoneSimulator.Build.0 = Debug|Any CPU
		{C8E7C3FE-3071-42FE-8AFA-2BD93FD6A5D3}.Debug|iPhoneSimulator.Deploy.0 = Debug|Any CPU
		{C8E7C3FE-3071-42FE-8AFA-2BD93FD6A5D3}.Debug|x64.ActiveCfg = Debug|x64
		{C8E7C3FE-3071-42FE-8AFA-2BD93FD6A5D3}.Debug|x64.Build.0 = Debug|x64
		{C8E7C3FE-3071-42FE-8AFA-2BD93FD6A5D3}.Debug|x64.Deploy.0 = Debug|x64
		{C8E7C3FE-3071-42FE-8AFA-2BD93FD6A5D3}.Debug|x86.ActiveCfg = Debug|x86
		{C8E7C3FE-3071-42FE-8AFA-2BD93FD6A5D3}.Debug|x86.Build.0 = Debug|x86
		{C8E7C3FE-3071-42FE-8AFA-2BD93FD6A5D3}.Debug|x86.Deploy.0 = Debug|x86
		{C8E7C3FE-3071-42FE-8AFA-2BD93FD6A5D3}.Release|Any CPU.ActiveCfg = Release|Any CPU
		{C8E7C3FE-3071-42FE-8AFA-2BD93FD6A5D3}.Release|Any CPU.Build.0 = Release|Any CPU
		{C8E7C3FE-3071-42FE-8AFA-2BD93FD6A5D3}.Release|Any CPU.Deploy.0 = Release|Any CPU
		{C8E7C3FE-3071-42FE-8AFA-2BD93FD6A5D3}.Release|ARM.ActiveCfg = Release|ARM
		{C8E7C3FE-3071-42FE-8AFA-2BD93FD6A5D3}.Release|ARM.Build.0 = Release|ARM
		{C8E7C3FE-3071-42FE-8AFA-2BD93FD6A5D3}.Release|ARM.Deploy.0 = Release|ARM
		{C8E7C3FE-3071-42FE-8AFA-2BD93FD6A5D3}.Release|iPhone.ActiveCfg = Release|Any CPU
		{C8E7C3FE-3071-42FE-8AFA-2BD93FD6A5D3}.Release|iPhone.Build.0 = Release|Any CPU
		{C8E7C3FE-3071-42FE-8AFA-2BD93FD6A5D3}.Release|iPhone.Deploy.0 = Release|Any CPU
		{C8E7C3FE-3071-42FE-8AFA-2BD93FD6A5D3}.Release|iPhoneSimulator.ActiveCfg = Release|Any CPU
		{C8E7C3FE-3071-42FE-8AFA-2BD93FD6A5D3}.Release|iPhoneSimulator.Build.0 = Release|Any CPU
		{C8E7C3FE-3071-42FE-8AFA-2BD93FD6A5D3}.Release|iPhoneSimulator.Deploy.0 = Release|Any CPU
		{C8E7C3FE-3071-42FE-8AFA-2BD93FD6A5D3}.Release|x64.ActiveCfg = Release|x64
		{C8E7C3FE-3071-42FE-8AFA-2BD93FD6A5D3}.Release|x64.Build.0 = Release|x64
		{C8E7C3FE-3071-42FE-8AFA-2BD93FD6A5D3}.Release|x64.Deploy.0 = Release|x64
		{C8E7C3FE-3071-42FE-8AFA-2BD93FD6A5D3}.Release|x86.ActiveCfg = Release|x86
		{C8E7C3FE-3071-42FE-8AFA-2BD93FD6A5D3}.Release|x86.Build.0 = Release|x86
		{C8E7C3FE-3071-42FE-8AFA-2BD93FD6A5D3}.Release|x86.Deploy.0 = Release|x86
		{885121F5-37B3-40A4-AF90-E9ACC1C988F3}.Ad-Hoc|Any CPU.ActiveCfg = Debug (Mock Band)|Any CPU
		{885121F5-37B3-40A4-AF90-E9ACC1C988F3}.Ad-Hoc|Any CPU.Build.0 = Debug (Mock Band)|Any CPU
		{885121F5-37B3-40A4-AF90-E9ACC1C988F3}.Ad-Hoc|Any CPU.Deploy.0 = Debug (Mock Band)|Any CPU
		{885121F5-37B3-40A4-AF90-E9ACC1C988F3}.Ad-Hoc|ARM.ActiveCfg = Debug (Mock Band)|ARM
		{885121F5-37B3-40A4-AF90-E9ACC1C988F3}.Ad-Hoc|ARM.Build.0 = Debug (Mock Band)|ARM
		{885121F5-37B3-40A4-AF90-E9ACC1C988F3}.Ad-Hoc|ARM.Deploy.0 = Debug (Mock Band)|ARM
		{885121F5-37B3-40A4-AF90-E9ACC1C988F3}.Ad-Hoc|iPhone.ActiveCfg = Debug (Mock Band)|Any CPU
		{885121F5-37B3-40A4-AF90-E9ACC1C988F3}.Ad-Hoc|iPhone.Build.0 = Debug (Mock Band)|Any CPU
		{885121F5-37B3-40A4-AF90-E9ACC1C988F3}.Ad-Hoc|iPhone.Deploy.0 = Debug (Mock Band)|Any CPU
		{885121F5-37B3-40A4-AF90-E9ACC1C988F3}.Ad-Hoc|iPhoneSimulator.ActiveCfg = Debug (Mock Band)|Any CPU
		{885121F5-37B3-40A4-AF90-E9ACC1C988F3}.Ad-Hoc|iPhoneSimulator.Build.0 = Debug (Mock Band)|Any CPU
		{885121F5-37B3-40A4-AF90-E9ACC1C988F3}.Ad-Hoc|iPhoneSimulator.Deploy.0 = Debug (Mock Band)|Any CPU
		{885121F5-37B3-40A4-AF90-E9ACC1C988F3}.Ad-Hoc|x64.ActiveCfg = Debug (Mock Band)|Any CPU
		{885121F5-37B3-40A4-AF90-E9ACC1C988F3}.Ad-Hoc|x64.Build.0 = Debug (Mock Band)|Any CPU
		{885121F5-37B3-40A4-AF90-E9ACC1C988F3}.Ad-Hoc|x64.Deploy.0 = Debug (Mock Band)|Any CPU
		{885121F5-37B3-40A4-AF90-E9ACC1C988F3}.Ad-Hoc|x86.ActiveCfg = Debug (Mock Band)|x86
		{885121F5-37B3-40A4-AF90-E9ACC1C988F3}.Ad-Hoc|x86.Build.0 = Debug (Mock Band)|x86
		{885121F5-37B3-40A4-AF90-E9ACC1C988F3}.Ad-Hoc|x86.Deploy.0 = Debug (Mock Band)|x86
		{885121F5-37B3-40A4-AF90-E9ACC1C988F3}.AppStore|Any CPU.ActiveCfg = Debug (Mock Band)|Any CPU
		{885121F5-37B3-40A4-AF90-E9ACC1C988F3}.AppStore|Any CPU.Build.0 = Debug (Mock Band)|Any CPU
		{885121F5-37B3-40A4-AF90-E9ACC1C988F3}.AppStore|Any CPU.Deploy.0 = Debug (Mock Band)|Any CPU
		{885121F5-37B3-40A4-AF90-E9ACC1C988F3}.AppStore|ARM.ActiveCfg = Debug (Mock Band)|ARM
		{885121F5-37B3-40A4-AF90-E9ACC1C988F3}.AppStore|ARM.Build.0 = Debug (Mock Band)|ARM
		{885121F5-37B3-40A4-AF90-E9ACC1C988F3}.AppStore|ARM.Deploy.0 = Debug (Mock Band)|ARM
		{885121F5-37B3-40A4-AF90-E9ACC1C988F3}.AppStore|iPhone.ActiveCfg = Debug (Mock Band)|Any CPU
		{885121F5-37B3-40A4-AF90-E9ACC1C988F3}.AppStore|iPhone.Build.0 = Debug (Mock Band)|Any CPU
		{885121F5-37B3-40A4-AF90-E9ACC1C988F3}.AppStore|iPhone.Deploy.0 = Debug (Mock Band)|Any CPU
		{885121F5-37B3-40A4-AF90-E9ACC1C988F3}.AppStore|iPhoneSimulator.ActiveCfg = Debug (Mock Band)|Any CPU
		{885121F5-37B3-40A4-AF90-E9ACC1C988F3}.AppStore|iPhoneSimulator.Build.0 = Debug (Mock Band)|Any CPU
		{885121F5-37B3-40A4-AF90-E9ACC1C988F3}.AppStore|iPhoneSimulator.Deploy.0 = Debug (Mock Band)|Any CPU
		{885121F5-37B3-40A4-AF90-E9ACC1C988F3}.AppStore|x64.ActiveCfg = Debug (Mock Band)|Any CPU
		{885121F5-37B3-40A4-AF90-E9ACC1C988F3}.AppStore|x64.Build.0 = Debug (Mock Band)|Any CPU
		{885121F5-37B3-40A4-AF90-E9ACC1C988F3}.AppStore|x64.Deploy.0 = Debug (Mock Band)|Any CPU
		{885121F5-37B3-40A4-AF90-E9ACC1C988F3}.AppStore|x86.ActiveCfg = Debug (Mock Band)|x86
		{885121F5-37B3-40A4-AF90-E9ACC1C988F3}.AppStore|x86.Build.0 = Debug (Mock Band)|x86
		{885121F5-37B3-40A4-AF90-E9ACC1C988F3}.AppStore|x86.Deploy.0 = Debug (Mock Band)|x86
		{885121F5-37B3-40A4-AF90-E9ACC1C988F3}.Debug (Mock Band)|Any CPU.ActiveCfg = Debug (Mock Band)|Any CPU
		{885121F5-37B3-40A4-AF90-E9ACC1C988F3}.Debug (Mock Band)|Any CPU.Build.0 = Debug (Mock Band)|Any CPU
		{885121F5-37B3-40A4-AF90-E9ACC1C988F3}.Debug (Mock Band)|Any CPU.Deploy.0 = Debug (Mock Band)|Any CPU
		{885121F5-37B3-40A4-AF90-E9ACC1C988F3}.Debug (Mock Band)|ARM.ActiveCfg = Debug (Mock Band)|ARM
		{885121F5-37B3-40A4-AF90-E9ACC1C988F3}.Debug (Mock Band)|ARM.Build.0 = Debug (Mock Band)|ARM
		{885121F5-37B3-40A4-AF90-E9ACC1C988F3}.Debug (Mock Band)|ARM.Deploy.0 = Debug (Mock Band)|ARM
		{885121F5-37B3-40A4-AF90-E9ACC1C988F3}.Debug (Mock Band)|iPhone.ActiveCfg = Debug (Mock Band)|Any CPU
		{885121F5-37B3-40A4-AF90-E9ACC1C988F3}.Debug (Mock Band)|iPhone.Build.0 = Debug (Mock Band)|Any CPU
		{885121F5-37B3-40A4-AF90-E9ACC1C988F3}.Debug (Mock Band)|iPhone.Deploy.0 = Debug (Mock Band)|Any CPU
		{885121F5-37B3-40A4-AF90-E9ACC1C988F3}.Debug (Mock Band)|iPhoneSimulator.ActiveCfg = Debug (Mock Band)|Any CPU
		{885121F5-37B3-40A4-AF90-E9ACC1C988F3}.Debug (Mock Band)|iPhoneSimulator.Build.0 = Debug (Mock Band)|Any CPU
		{885121F5-37B3-40A4-AF90-E9ACC1C988F3}.Debug (Mock Band)|iPhoneSimulator.Deploy.0 = Debug (Mock Band)|Any CPU
		{885121F5-37B3-40A4-AF90-E9ACC1C988F3}.Debug (Mock Band)|x64.ActiveCfg = Debug (Mock Band)|Any CPU
		{885121F5-37B3-40A4-AF90-E9ACC1C988F3}.Debug (Mock Band)|x64.Build.0 = Debug (Mock Band)|Any CPU
		{885121F5-37B3-40A4-AF90-E9ACC1C988F3}.Debug (Mock Band)|x64.Deploy.0 = Debug (Mock Band)|Any CPU
		{885121F5-37B3-40A4-AF90-E9ACC1C988F3}.Debug (Mock Band)|x86.ActiveCfg = Debug (Mock Band)|x86
		{885121F5-37B3-40A4-AF90-E9ACC1C988F3}.Debug (Mock Band)|x86.Build.0 = Debug (Mock Band)|x86
		{885121F5-37B3-40A4-AF90-E9ACC1C988F3}.Debug (Mock Band)|x86.Deploy.0 = Debug (Mock Band)|x86
		{885121F5-37B3-40A4-AF90-E9ACC1C988F3}.Debug|Any CPU.ActiveCfg = Debug|Any CPU
		{885121F5-37B3-40A4-AF90-E9ACC1C988F3}.Debug|Any CPU.Build.0 = Debug|Any CPU
		{885121F5-37B3-40A4-AF90-E9ACC1C988F3}.Debug|Any CPU.Deploy.0 = Debug|Any CPU
		{885121F5-37B3-40A4-AF90-E9ACC1C988F3}.Debug|ARM.ActiveCfg = Debug|ARM
		{885121F5-37B3-40A4-AF90-E9ACC1C988F3}.Debug|ARM.Build.0 = Debug|ARM
		{885121F5-37B3-40A4-AF90-E9ACC1C988F3}.Debug|ARM.Deploy.0 = Debug|ARM
		{885121F5-37B3-40A4-AF90-E9ACC1C988F3}.Debug|iPhone.ActiveCfg = Debug|Any CPU
		{885121F5-37B3-40A4-AF90-E9ACC1C988F3}.Debug|iPhone.Build.0 = Debug|Any CPU
		{885121F5-37B3-40A4-AF90-E9ACC1C988F3}.Debug|iPhone.Deploy.0 = Debug|Any CPU
		{885121F5-37B3-40A4-AF90-E9ACC1C988F3}.Debug|iPhoneSimulator.ActiveCfg = Debug|Any CPU
		{885121F5-37B3-40A4-AF90-E9ACC1C988F3}.Debug|iPhoneSimulator.Build.0 = Debug|Any CPU
		{885121F5-37B3-40A4-AF90-E9ACC1C988F3}.Debug|iPhoneSimulator.Deploy.0 = Debug|Any CPU
		{885121F5-37B3-40A4-AF90-E9ACC1C988F3}.Debug|x64.ActiveCfg = Debug|Any CPU
		{885121F5-37B3-40A4-AF90-E9ACC1C988F3}.Debug|x64.Build.0 = Debug|Any CPU
		{885121F5-37B3-40A4-AF90-E9ACC1C988F3}.Debug|x64.Deploy.0 = Debug|Any CPU
		{885121F5-37B3-40A4-AF90-E9ACC1C988F3}.Debug|x86.ActiveCfg = Debug|x86
		{885121F5-37B3-40A4-AF90-E9ACC1C988F3}.Debug|x86.Build.0 = Debug|x86
		{885121F5-37B3-40A4-AF90-E9ACC1C988F3}.Debug|x86.Deploy.0 = Debug|x86
		{885121F5-37B3-40A4-AF90-E9ACC1C988F3}.Release|Any CPU.ActiveCfg = Release|Any CPU
		{885121F5-37B3-40A4-AF90-E9ACC1C988F3}.Release|Any CPU.Build.0 = Release|Any CPU
		{885121F5-37B3-40A4-AF90-E9ACC1C988F3}.Release|Any CPU.Deploy.0 = Release|Any CPU
		{885121F5-37B3-40A4-AF90-E9ACC1C988F3}.Release|ARM.ActiveCfg = Release|ARM
		{885121F5-37B3-40A4-AF90-E9ACC1C988F3}.Release|ARM.Build.0 = Release|ARM
		{885121F5-37B3-40A4-AF90-E9ACC1C988F3}.Release|ARM.Deploy.0 = Release|ARM
		{885121F5-37B3-40A4-AF90-E9ACC1C988F3}.Release|iPhone.ActiveCfg = Release|Any CPU
		{885121F5-37B3-40A4-AF90-E9ACC1C988F3}.Release|iPhone.Build.0 = Release|Any CPU
		{885121F5-37B3-40A4-AF90-E9ACC1C988F3}.Release|iPhone.Deploy.0 = Release|Any CPU
		{885121F5-37B3-40A4-AF90-E9ACC1C988F3}.Release|iPhoneSimulator.ActiveCfg = Release|Any CPU
		{885121F5-37B3-40A4-AF90-E9ACC1C988F3}.Release|iPhoneSimulator.Build.0 = Release|Any CPU
		{885121F5-37B3-40A4-AF90-E9ACC1C988F3}.Release|iPhoneSimulator.Deploy.0 = Release|Any CPU
		{885121F5-37B3-40A4-AF90-E9ACC1C988F3}.Release|x64.ActiveCfg = Release|Any CPU
		{885121F5-37B3-40A4-AF90-E9ACC1C988F3}.Release|x64.Build.0 = Release|Any CPU
		{885121F5-37B3-40A4-AF90-E9ACC1C988F3}.Release|x64.Deploy.0 = Release|Any CPU
		{885121F5-37B3-40A4-AF90-E9ACC1C988F3}.Release|x86.ActiveCfg = Release|x86
		{885121F5-37B3-40A4-AF90-E9ACC1C988F3}.Release|x86.Build.0 = Release|x86
		{885121F5-37B3-40A4-AF90-E9ACC1C988F3}.Release|x86.Deploy.0 = Release|x86
		{3033C2F6-D1A5-4479-9DF6-91FAB47AEBA7}.Ad-Hoc|Any CPU.ActiveCfg = Release|x86
		{3033C2F6-D1A5-4479-9DF6-91FAB47AEBA7}.Ad-Hoc|Any CPU.Build.0 = Release|x86
		{3033C2F6-D1A5-4479-9DF6-91FAB47AEBA7}.Ad-Hoc|Any CPU.Deploy.0 = Release|x86
		{3033C2F6-D1A5-4479-9DF6-91FAB47AEBA7}.Ad-Hoc|ARM.ActiveCfg = Release|ARM
		{3033C2F6-D1A5-4479-9DF6-91FAB47AEBA7}.Ad-Hoc|ARM.Build.0 = Release|ARM
		{3033C2F6-D1A5-4479-9DF6-91FAB47AEBA7}.Ad-Hoc|ARM.Deploy.0 = Release|ARM
		{3033C2F6-D1A5-4479-9DF6-91FAB47AEBA7}.Ad-Hoc|iPhone.ActiveCfg = Release|x86
		{3033C2F6-D1A5-4479-9DF6-91FAB47AEBA7}.Ad-Hoc|iPhone.Build.0 = Release|x86
		{3033C2F6-D1A5-4479-9DF6-91FAB47AEBA7}.Ad-Hoc|iPhone.Deploy.0 = Release|x86
		{3033C2F6-D1A5-4479-9DF6-91FAB47AEBA7}.Ad-Hoc|iPhoneSimulator.ActiveCfg = Release|x86
		{3033C2F6-D1A5-4479-9DF6-91FAB47AEBA7}.Ad-Hoc|iPhoneSimulator.Build.0 = Release|x86
		{3033C2F6-D1A5-4479-9DF6-91FAB47AEBA7}.Ad-Hoc|iPhoneSimulator.Deploy.0 = Release|x86
		{3033C2F6-D1A5-4479-9DF6-91FAB47AEBA7}.Ad-Hoc|x64.ActiveCfg = Release|x64
		{3033C2F6-D1A5-4479-9DF6-91FAB47AEBA7}.Ad-Hoc|x64.Build.0 = Release|x64
		{3033C2F6-D1A5-4479-9DF6-91FAB47AEBA7}.Ad-Hoc|x64.Deploy.0 = Release|x64
		{3033C2F6-D1A5-4479-9DF6-91FAB47AEBA7}.Ad-Hoc|x86.ActiveCfg = Release|x86
		{3033C2F6-D1A5-4479-9DF6-91FAB47AEBA7}.Ad-Hoc|x86.Build.0 = Release|x86
		{3033C2F6-D1A5-4479-9DF6-91FAB47AEBA7}.Ad-Hoc|x86.Deploy.0 = Release|x86
		{3033C2F6-D1A5-4479-9DF6-91FAB47AEBA7}.AppStore|Any CPU.ActiveCfg = Release|x86
		{3033C2F6-D1A5-4479-9DF6-91FAB47AEBA7}.AppStore|Any CPU.Build.0 = Release|x86
		{3033C2F6-D1A5-4479-9DF6-91FAB47AEBA7}.AppStore|Any CPU.Deploy.0 = Release|x86
		{3033C2F6-D1A5-4479-9DF6-91FAB47AEBA7}.AppStore|ARM.ActiveCfg = Release|ARM
		{3033C2F6-D1A5-4479-9DF6-91FAB47AEBA7}.AppStore|ARM.Build.0 = Release|ARM
		{3033C2F6-D1A5-4479-9DF6-91FAB47AEBA7}.AppStore|ARM.Deploy.0 = Release|ARM
		{3033C2F6-D1A5-4479-9DF6-91FAB47AEBA7}.AppStore|iPhone.ActiveCfg = Release|x86
		{3033C2F6-D1A5-4479-9DF6-91FAB47AEBA7}.AppStore|iPhone.Build.0 = Release|x86
		{3033C2F6-D1A5-4479-9DF6-91FAB47AEBA7}.AppStore|iPhone.Deploy.0 = Release|x86
		{3033C2F6-D1A5-4479-9DF6-91FAB47AEBA7}.AppStore|iPhoneSimulator.ActiveCfg = Release|x86
		{3033C2F6-D1A5-4479-9DF6-91FAB47AEBA7}.AppStore|iPhoneSimulator.Build.0 = Release|x86
		{3033C2F6-D1A5-4479-9DF6-91FAB47AEBA7}.AppStore|iPhoneSimulator.Deploy.0 = Release|x86
		{3033C2F6-D1A5-4479-9DF6-91FAB47AEBA7}.AppStore|x64.ActiveCfg = Release|x64
		{3033C2F6-D1A5-4479-9DF6-91FAB47AEBA7}.AppStore|x64.Build.0 = Release|x64
		{3033C2F6-D1A5-4479-9DF6-91FAB47AEBA7}.AppStore|x64.Deploy.0 = Release|x64
		{3033C2F6-D1A5-4479-9DF6-91FAB47AEBA7}.AppStore|x86.ActiveCfg = Release|x86
		{3033C2F6-D1A5-4479-9DF6-91FAB47AEBA7}.AppStore|x86.Build.0 = Release|x86
		{3033C2F6-D1A5-4479-9DF6-91FAB47AEBA7}.AppStore|x86.Deploy.0 = Release|x86
		{3033C2F6-D1A5-4479-9DF6-91FAB47AEBA7}.Debug (Mock Band)|Any CPU.ActiveCfg = Release|x86
		{3033C2F6-D1A5-4479-9DF6-91FAB47AEBA7}.Debug (Mock Band)|Any CPU.Build.0 = Release|x86
		{3033C2F6-D1A5-4479-9DF6-91FAB47AEBA7}.Debug (Mock Band)|Any CPU.Deploy.0 = Release|x86
		{3033C2F6-D1A5-4479-9DF6-91FAB47AEBA7}.Debug (Mock Band)|ARM.ActiveCfg = Debug|ARM
		{3033C2F6-D1A5-4479-9DF6-91FAB47AEBA7}.Debug (Mock Band)|ARM.Build.0 = Debug|ARM
		{3033C2F6-D1A5-4479-9DF6-91FAB47AEBA7}.Debug (Mock Band)|ARM.Deploy.0 = Debug|ARM
		{3033C2F6-D1A5-4479-9DF6-91FAB47AEBA7}.Debug (Mock Band)|iPhone.ActiveCfg = Release|x86
		{3033C2F6-D1A5-4479-9DF6-91FAB47AEBA7}.Debug (Mock Band)|iPhone.Build.0 = Release|x86
		{3033C2F6-D1A5-4479-9DF6-91FAB47AEBA7}.Debug (Mock Band)|iPhone.Deploy.0 = Release|x86
		{3033C2F6-D1A5-4479-9DF6-91FAB47AEBA7}.Debug (Mock Band)|iPhoneSimulator.ActiveCfg = Release|x86
		{3033C2F6-D1A5-4479-9DF6-91FAB47AEBA7}.Debug (Mock Band)|iPhoneSimulator.Build.0 = Release|x86
		{3033C2F6-D1A5-4479-9DF6-91FAB47AEBA7}.Debug (Mock Band)|iPhoneSimulator.Deploy.0 = Release|x86
		{3033C2F6-D1A5-4479-9DF6-91FAB47AEBA7}.Debug (Mock Band)|x64.ActiveCfg = Debug|x64
		{3033C2F6-D1A5-4479-9DF6-91FAB47AEBA7}.Debug (Mock Band)|x64.Build.0 = Debug|x64
		{3033C2F6-D1A5-4479-9DF6-91FAB47AEBA7}.Debug (Mock Band)|x64.Deploy.0 = Debug|x64
		{3033C2F6-D1A5-4479-9DF6-91FAB47AEBA7}.Debug (Mock Band)|x86.ActiveCfg = Debug|x86
		{3033C2F6-D1A5-4479-9DF6-91FAB47AEBA7}.Debug (Mock Band)|x86.Build.0 = Debug|x86
		{3033C2F6-D1A5-4479-9DF6-91FAB47AEBA7}.Debug (Mock Band)|x86.Deploy.0 = Debug|x86
		{3033C2F6-D1A5-4479-9DF6-91FAB47AEBA7}.Debug|Any CPU.ActiveCfg = Debug|x86
		{3033C2F6-D1A5-4479-9DF6-91FAB47AEBA7}.Debug|ARM.ActiveCfg = Debug|ARM
		{3033C2F6-D1A5-4479-9DF6-91FAB47AEBA7}.Debug|ARM.Build.0 = Debug|ARM
		{3033C2F6-D1A5-4479-9DF6-91FAB47AEBA7}.Debug|ARM.Deploy.0 = Debug|ARM
		{3033C2F6-D1A5-4479-9DF6-91FAB47AEBA7}.Debug|iPhone.ActiveCfg = Debug|x86
		{3033C2F6-D1A5-4479-9DF6-91FAB47AEBA7}.Debug|iPhoneSimulator.ActiveCfg = Debug|x86
		{3033C2F6-D1A5-4479-9DF6-91FAB47AEBA7}.Debug|x64.ActiveCfg = Debug|x64
		{3033C2F6-D1A5-4479-9DF6-91FAB47AEBA7}.Debug|x64.Build.0 = Debug|x64
		{3033C2F6-D1A5-4479-9DF6-91FAB47AEBA7}.Debug|x64.Deploy.0 = Debug|x64
		{3033C2F6-D1A5-4479-9DF6-91FAB47AEBA7}.Debug|x86.ActiveCfg = Debug|x86
		{3033C2F6-D1A5-4479-9DF6-91FAB47AEBA7}.Debug|x86.Build.0 = Debug|x86
		{3033C2F6-D1A5-4479-9DF6-91FAB47AEBA7}.Debug|x86.Deploy.0 = Debug|x86
		{3033C2F6-D1A5-4479-9DF6-91FAB47AEBA7}.Release|Any CPU.ActiveCfg = Release|x86
		{3033C2F6-D1A5-4479-9DF6-91FAB47AEBA7}.Release|ARM.ActiveCfg = Release|ARM
		{3033C2F6-D1A5-4479-9DF6-91FAB47AEBA7}.Release|ARM.Build.0 = Release|ARM
		{3033C2F6-D1A5-4479-9DF6-91FAB47AEBA7}.Release|ARM.Deploy.0 = Release|ARM
		{3033C2F6-D1A5-4479-9DF6-91FAB47AEBA7}.Release|iPhone.ActiveCfg = Release|x86
		{3033C2F6-D1A5-4479-9DF6-91FAB47AEBA7}.Release|iPhoneSimulator.ActiveCfg = Release|x86
		{3033C2F6-D1A5-4479-9DF6-91FAB47AEBA7}.Release|x64.ActiveCfg = Release|x64
		{3033C2F6-D1A5-4479-9DF6-91FAB47AEBA7}.Release|x64.Build.0 = Release|x64
		{3033C2F6-D1A5-4479-9DF6-91FAB47AEBA7}.Release|x64.Deploy.0 = Release|x64
		{3033C2F6-D1A5-4479-9DF6-91FAB47AEBA7}.Release|x86.ActiveCfg = Release|x86
		{3033C2F6-D1A5-4479-9DF6-91FAB47AEBA7}.Release|x86.Build.0 = Release|x86
		{3033C2F6-D1A5-4479-9DF6-91FAB47AEBA7}.Release|x86.Deploy.0 = Release|x86
		{E3448DFA-3F66-409B-B5EE-16C33266C16E}.Ad-Hoc|Any CPU.ActiveCfg = Release|Any CPU
		{E3448DFA-3F66-409B-B5EE-16C33266C16E}.Ad-Hoc|Any CPU.Build.0 = Release|Any CPU
		{E3448DFA-3F66-409B-B5EE-16C33266C16E}.Ad-Hoc|ARM.ActiveCfg = Release|Any CPU
		{E3448DFA-3F66-409B-B5EE-16C33266C16E}.Ad-Hoc|ARM.Build.0 = Release|Any CPU
		{E3448DFA-3F66-409B-B5EE-16C33266C16E}.Ad-Hoc|iPhone.ActiveCfg = Release|Any CPU
		{E3448DFA-3F66-409B-B5EE-16C33266C16E}.Ad-Hoc|iPhone.Build.0 = Release|Any CPU
		{E3448DFA-3F66-409B-B5EE-16C33266C16E}.Ad-Hoc|iPhoneSimulator.ActiveCfg = Release|Any CPU
		{E3448DFA-3F66-409B-B5EE-16C33266C16E}.Ad-Hoc|iPhoneSimulator.Build.0 = Release|Any CPU
		{E3448DFA-3F66-409B-B5EE-16C33266C16E}.Ad-Hoc|x64.ActiveCfg = Release|Any CPU
		{E3448DFA-3F66-409B-B5EE-16C33266C16E}.Ad-Hoc|x64.Build.0 = Release|Any CPU
		{E3448DFA-3F66-409B-B5EE-16C33266C16E}.Ad-Hoc|x86.ActiveCfg = Release|Any CPU
		{E3448DFA-3F66-409B-B5EE-16C33266C16E}.Ad-Hoc|x86.Build.0 = Release|Any CPU
		{E3448DFA-3F66-409B-B5EE-16C33266C16E}.AppStore|Any CPU.ActiveCfg = Release|Any CPU
		{E3448DFA-3F66-409B-B5EE-16C33266C16E}.AppStore|Any CPU.Build.0 = Release|Any CPU
		{E3448DFA-3F66-409B-B5EE-16C33266C16E}.AppStore|ARM.ActiveCfg = Release|Any CPU
		{E3448DFA-3F66-409B-B5EE-16C33266C16E}.AppStore|ARM.Build.0 = Release|Any CPU
		{E3448DFA-3F66-409B-B5EE-16C33266C16E}.AppStore|iPhone.ActiveCfg = Release|Any CPU
		{E3448DFA-3F66-409B-B5EE-16C33266C16E}.AppStore|iPhone.Build.0 = Release|Any CPU
		{E3448DFA-3F66-409B-B5EE-16C33266C16E}.AppStore|iPhoneSimulator.ActiveCfg = Release|Any CPU
		{E3448DFA-3F66-409B-B5EE-16C33266C16E}.AppStore|iPhoneSimulator.Build.0 = Release|Any CPU
		{E3448DFA-3F66-409B-B5EE-16C33266C16E}.AppStore|x64.ActiveCfg = Release|Any CPU
		{E3448DFA-3F66-409B-B5EE-16C33266C16E}.AppStore|x64.Build.0 = Release|Any CPU
		{E3448DFA-3F66-409B-B5EE-16C33266C16E}.AppStore|x86.ActiveCfg = Release|Any CPU
		{E3448DFA-3F66-409B-B5EE-16C33266C16E}.AppStore|x86.Build.0 = Release|Any CPU
		{E3448DFA-3F66-409B-B5EE-16C33266C16E}.Debug (Mock Band)|Any CPU.ActiveCfg = Debug|Any CPU
		{E3448DFA-3F66-409B-B5EE-16C33266C16E}.Debug (Mock Band)|Any CPU.Build.0 = Debug|Any CPU
		{E3448DFA-3F66-409B-B5EE-16C33266C16E}.Debug (Mock Band)|ARM.ActiveCfg = Debug|Any CPU
		{E3448DFA-3F66-409B-B5EE-16C33266C16E}.Debug (Mock Band)|ARM.Build.0 = Debug|Any CPU
		{E3448DFA-3F66-409B-B5EE-16C33266C16E}.Debug (Mock Band)|iPhone.ActiveCfg = Debug|Any CPU
		{E3448DFA-3F66-409B-B5EE-16C33266C16E}.Debug (Mock Band)|iPhone.Build.0 = Debug|Any CPU
		{E3448DFA-3F66-409B-B5EE-16C33266C16E}.Debug (Mock Band)|iPhoneSimulator.ActiveCfg = Debug|Any CPU
		{E3448DFA-3F66-409B-B5EE-16C33266C16E}.Debug (Mock Band)|iPhoneSimulator.Build.0 = Debug|Any CPU
		{E3448DFA-3F66-409B-B5EE-16C33266C16E}.Debug (Mock Band)|x64.ActiveCfg = Debug|Any CPU
		{E3448DFA-3F66-409B-B5EE-16C33266C16E}.Debug (Mock Band)|x64.Build.0 = Debug|Any CPU
		{E3448DFA-3F66-409B-B5EE-16C33266C16E}.Debug (Mock Band)|x86.ActiveCfg = Debug|Any CPU
		{E3448DFA-3F66-409B-B5EE-16C33266C16E}.Debug (Mock Band)|x86.Build.0 = Debug|Any CPU
		{E3448DFA-3F66-409B-B5EE-16C33266C16E}.Debug|Any CPU.ActiveCfg = Debug|Any CPU
		{E3448DFA-3F66-409B-B5EE-16C33266C16E}.Debug|Any CPU.Build.0 = Debug|Any CPU
		{E3448DFA-3F66-409B-B5EE-16C33266C16E}.Debug|ARM.ActiveCfg = Debug|Any CPU
		{E3448DFA-3F66-409B-B5EE-16C33266C16E}.Debug|ARM.Build.0 = Debug|Any CPU
		{E3448DFA-3F66-409B-B5EE-16C33266C16E}.Debug|iPhone.ActiveCfg = Debug|Any CPU
		{E3448DFA-3F66-409B-B5EE-16C33266C16E}.Debug|iPhone.Build.0 = Debug|Any CPU
		{E3448DFA-3F66-409B-B5EE-16C33266C16E}.Debug|iPhoneSimulator.ActiveCfg = Debug|Any CPU
		{E3448DFA-3F66-409B-B5EE-16C33266C16E}.Debug|iPhoneSimulator.Build.0 = Debug|Any CPU
		{E3448DFA-3F66-409B-B5EE-16C33266C16E}.Debug|x64.ActiveCfg = Debug|Any CPU
		{E3448DFA-3F66-409B-B5EE-16C33266C16E}.Debug|x64.Build.0 = Debug|Any CPU
		{E3448DFA-3F66-409B-B5EE-16C33266C16E}.Debug|x86.ActiveCfg = Debug|Any CPU
		{E3448DFA-3F66-409B-B5EE-16C33266C16E}.Debug|x86.Build.0 = Debug|Any CPU
		{E3448DFA-3F66-409B-B5EE-16C33266C16E}.Release|Any CPU.ActiveCfg = Release|Any CPU
		{E3448DFA-3F66-409B-B5EE-16C33266C16E}.Release|Any CPU.Build.0 = Release|Any CPU
		{E3448DFA-3F66-409B-B5EE-16C33266C16E}.Release|ARM.ActiveCfg = Release|Any CPU
		{E3448DFA-3F66-409B-B5EE-16C33266C16E}.Release|ARM.Build.0 = Release|Any CPU
		{E3448DFA-3F66-409B-B5EE-16C33266C16E}.Release|iPhone.ActiveCfg = Release|Any CPU
		{E3448DFA-3F66-409B-B5EE-16C33266C16E}.Release|iPhone.Build.0 = Release|Any CPU
		{E3448DFA-3F66-409B-B5EE-16C33266C16E}.Release|iPhoneSimulator.ActiveCfg = Release|Any CPU
		{E3448DFA-3F66-409B-B5EE-16C33266C16E}.Release|iPhoneSimulator.Build.0 = Release|Any CPU
		{E3448DFA-3F66-409B-B5EE-16C33266C16E}.Release|x64.ActiveCfg = Release|Any CPU
		{E3448DFA-3F66-409B-B5EE-16C33266C16E}.Release|x64.Build.0 = Release|Any CPU
		{E3448DFA-3F66-409B-B5EE-16C33266C16E}.Release|x86.ActiveCfg = Release|Any CPU
		{E3448DFA-3F66-409B-B5EE-16C33266C16E}.Release|x86.Build.0 = Release|Any CPU
		{2BE76624-D6A0-458F-9784-BC731728163C}.Ad-Hoc|Any CPU.ActiveCfg = Release|Any CPU
		{2BE76624-D6A0-458F-9784-BC731728163C}.Ad-Hoc|Any CPU.Build.0 = Release|Any CPU
		{2BE76624-D6A0-458F-9784-BC731728163C}.Ad-Hoc|ARM.ActiveCfg = Release|Any CPU
		{2BE76624-D6A0-458F-9784-BC731728163C}.Ad-Hoc|ARM.Build.0 = Release|Any CPU
		{2BE76624-D6A0-458F-9784-BC731728163C}.Ad-Hoc|iPhone.ActiveCfg = Release|Any CPU
		{2BE76624-D6A0-458F-9784-BC731728163C}.Ad-Hoc|iPhone.Build.0 = Release|Any CPU
		{2BE76624-D6A0-458F-9784-BC731728163C}.Ad-Hoc|iPhoneSimulator.ActiveCfg = Release|Any CPU
		{2BE76624-D6A0-458F-9784-BC731728163C}.Ad-Hoc|iPhoneSimulator.Build.0 = Release|Any CPU
		{2BE76624-D6A0-458F-9784-BC731728163C}.Ad-Hoc|x64.ActiveCfg = Release|Any CPU
		{2BE76624-D6A0-458F-9784-BC731728163C}.Ad-Hoc|x64.Build.0 = Release|Any CPU
		{2BE76624-D6A0-458F-9784-BC731728163C}.Ad-Hoc|x86.ActiveCfg = Release|Any CPU
		{2BE76624-D6A0-458F-9784-BC731728163C}.Ad-Hoc|x86.Build.0 = Release|Any CPU
		{2BE76624-D6A0-458F-9784-BC731728163C}.AppStore|Any CPU.ActiveCfg = Release|Any CPU
		{2BE76624-D6A0-458F-9784-BC731728163C}.AppStore|Any CPU.Build.0 = Release|Any CPU
		{2BE76624-D6A0-458F-9784-BC731728163C}.AppStore|ARM.ActiveCfg = Release|Any CPU
		{2BE76624-D6A0-458F-9784-BC731728163C}.AppStore|ARM.Build.0 = Release|Any CPU
		{2BE76624-D6A0-458F-9784-BC731728163C}.AppStore|iPhone.ActiveCfg = Release|Any CPU
		{2BE76624-D6A0-458F-9784-BC731728163C}.AppStore|iPhone.Build.0 = Release|Any CPU
		{2BE76624-D6A0-458F-9784-BC731728163C}.AppStore|iPhoneSimulator.ActiveCfg = Release|Any CPU
		{2BE76624-D6A0-458F-9784-BC731728163C}.AppStore|iPhoneSimulator.Build.0 = Release|Any CPU
		{2BE76624-D6A0-458F-9784-BC731728163C}.AppStore|x64.ActiveCfg = Release|Any CPU
		{2BE76624-D6A0-458F-9784-BC731728163C}.AppStore|x64.Build.0 = Release|Any CPU
		{2BE76624-D6A0-458F-9784-BC731728163C}.AppStore|x86.ActiveCfg = Release|Any CPU
		{2BE76624-D6A0-458F-9784-BC731728163C}.AppStore|x86.Build.0 = Release|Any CPU
		{2BE76624-D6A0-458F-9784-BC731728163C}.Debug (Mock Band)|Any CPU.ActiveCfg = Debug|Any CPU
		{2BE76624-D6A0-458F-9784-BC731728163C}.Debug (Mock Band)|Any CPU.Build.0 = Debug|Any CPU
		{2BE76624-D6A0-458F-9784-BC731728163C}.Debug (Mock Band)|ARM.ActiveCfg = Debug|Any CPU
		{2BE76624-D6A0-458F-9784-BC731728163C}.Debug (Mock Band)|ARM.Build.0 = Debug|Any CPU
		{2BE76624-D6A0-458F-9784-BC731728163C}.Debug (Mock Band)|iPhone.ActiveCfg = Debug|Any CPU
		{2BE76624-D6A0-458F-9784-BC731728163C}.Debug (Mock Band)|iPhone.Build.0 = Debug|Any CPU
		{2BE76624-D6A0-458F-9784-BC731728163C}.Debug (Mock Band)|iPhoneSimulator.ActiveCfg = Debug|Any CPU
		{2BE76624-D6A0-458F-9784-BC731728163C}.Debug (Mock Band)|iPhoneSimulator.Build.0 = Debug|Any CPU
		{2BE76624-D6A0-458F-9784-BC731728163C}.Debug (Mock Band)|x64.ActiveCfg = Debug|Any CPU
		{2BE76624-D6A0-458F-9784-BC731728163C}.Debug (Mock Band)|x64.Build.0 = Debug|Any CPU
		{2BE76624-D6A0-458F-9784-BC731728163C}.Debug (Mock Band)|x86.ActiveCfg = Debug|Any CPU
		{2BE76624-D6A0-458F-9784-BC731728163C}.Debug (Mock Band)|x86.Build.0 = Debug|Any CPU
		{2BE76624-D6A0-458F-9784-BC731728163C}.Debug|Any CPU.ActiveCfg = Debug|Any CPU
		{2BE76624-D6A0-458F-9784-BC731728163C}.Debug|Any CPU.Build.0 = Debug|Any CPU
		{2BE76624-D6A0-458F-9784-BC731728163C}.Debug|ARM.ActiveCfg = Debug|Any CPU
		{2BE76624-D6A0-458F-9784-BC731728163C}.Debug|ARM.Build.0 = Debug|Any CPU
		{2BE76624-D6A0-458F-9784-BC731728163C}.Debug|iPhone.ActiveCfg = Debug|Any CPU
		{2BE76624-D6A0-458F-9784-BC731728163C}.Debug|iPhone.Build.0 = Debug|Any CPU
		{2BE76624-D6A0-458F-9784-BC731728163C}.Debug|iPhoneSimulator.ActiveCfg = Debug|Any CPU
		{2BE76624-D6A0-458F-9784-BC731728163C}.Debug|iPhoneSimulator.Build.0 = Debug|Any CPU
		{2BE76624-D6A0-458F-9784-BC731728163C}.Debug|x64.ActiveCfg = Debug|Any CPU
		{2BE76624-D6A0-458F-9784-BC731728163C}.Debug|x64.Build.0 = Debug|Any CPU
		{2BE76624-D6A0-458F-9784-BC731728163C}.Debug|x86.ActiveCfg = Debug|Any CPU
		{2BE76624-D6A0-458F-9784-BC731728163C}.Debug|x86.Build.0 = Debug|Any CPU
		{2BE76624-D6A0-458F-9784-BC731728163C}.Release|Any CPU.ActiveCfg = Release|Any CPU
		{2BE76624-D6A0-458F-9784-BC731728163C}.Release|Any CPU.Build.0 = Release|Any CPU
		{2BE76624-D6A0-458F-9784-BC731728163C}.Release|ARM.ActiveCfg = Release|Any CPU
		{2BE76624-D6A0-458F-9784-BC731728163C}.Release|ARM.Build.0 = Release|Any CPU
		{2BE76624-D6A0-458F-9784-BC731728163C}.Release|iPhone.ActiveCfg = Release|Any CPU
		{2BE76624-D6A0-458F-9784-BC731728163C}.Release|iPhone.Build.0 = Release|Any CPU
		{2BE76624-D6A0-458F-9784-BC731728163C}.Release|iPhoneSimulator.ActiveCfg = Release|Any CPU
		{2BE76624-D6A0-458F-9784-BC731728163C}.Release|iPhoneSimulator.Build.0 = Release|Any CPU
		{2BE76624-D6A0-458F-9784-BC731728163C}.Release|x64.ActiveCfg = Release|Any CPU
		{2BE76624-D6A0-458F-9784-BC731728163C}.Release|x64.Build.0 = Release|Any CPU
		{2BE76624-D6A0-458F-9784-BC731728163C}.Release|x86.ActiveCfg = Release|Any CPU
		{2BE76624-D6A0-458F-9784-BC731728163C}.Release|x86.Build.0 = Release|Any CPU
	EndGlobalSection
	GlobalSection(SolutionProperties) = preSolution
		HideSolutionNode = FALSE
	EndGlobalSection
EndGlobal
